
Microsoft Visual Studio Solution File, Format Version 12.00
# Visual Studio Version 17
VisualStudioVersion = 17.9.34714.143
MinimumVisualStudioVersion = 10.0.40219.1
Project("{9A19103F-16F7-4668-BE54-9A1E7A4F7556}") = "FFF.CountryFlags", "FFF.CountryFlags\FFF.CountryFlags.csproj", "{FA6FF3F4-F3CC-48A7-AEA6-E87B3EABED7C}"
EndProject
Global
	GlobalSection(SolutionConfigurationPlatforms) = preSolution
		Debug|Any CPU = Debug|Any CPU
		Release|Any CPU = Release|Any CPU
	EndGlobalSection
	GlobalSection(ProjectConfigurationPlatforms) = postSolution
		{FA6FF3F4-F3CC-48A7-AEA6-E87B3EABED7C}.Debug|Any CPU.ActiveCfg = Debug|Any CPU
		{FA6FF3F4-F3CC-48A7-AEA6-E87B3EABED7C}.Debug|Any CPU.Build.0 = Debug|Any CPU
		{FA6FF3F4-F3CC-48A7-AEA6-E87B3EABED7C}.Release|Any CPU.ActiveCfg = Release|Any CPU
		{FA6FF3F4-F3CC-48A7-AEA6-E87B3EABED7C}.Release|Any CPU.Build.0 = Release|Any CPU
	EndGlobalSection
	GlobalSection(SolutionProperties) = preSolution
		HideSolutionNode = FALSE
	EndGlobalSection
	GlobalSection(ExtensibilityGlobals) = postSolution
		SolutionGuid = {4E40AD2D-9136-4838-8D25-3EFA35A459CA}
	EndGlobalSection
EndGlobal
